<Solution>
  <Folder Name="/Task0/">
    <Project Path="Tyuiu.MishaginaKS.Sprint0.Task0.V0/Tyuiu.MishaginaKS.Sprint0.Task0.V0.csproj" Id="a205d8b7-0f99-4f4f-b303-4cec91fb7ee5" />
  </Folder>
  <Folder Name="/Task1/">
    <Project Path="Tyuiu.MishaginaKS.Sprint0.Task1.V0/Tyuiu.MishaginaKS.Sprint0.Task1.V0.csproj" Id="905b612b-8104-4a73-84df-98822b9ee533" />
  </Folder>
  <Folder Name="/Task2/">
    <Project Path="Tyuiu.MishaginaKS.Sprint0.Task2.V0.Lib/Tyuiu.MishaginaKS.Sprint0.Task2.V0.Lib.csproj" Id="1773e02c-421f-4fa0-9b26-31fb35c7739d" />
    <Project Path="Tyuiu.MishaginaKS.Sprint0.Task2.V0.Test/Tyuiu.MishaginaKS.Sprint0.Task2.V0.Test.csproj" Id="7afecf02-efd5-4aa3-9048-a6b292b0499a" />
    <Project Path="Tyuiu.MishaginaKS.Sprint0.Task2.V0/Tyuiu.MishaginaKS.Sprint0.Task2.V0.csproj" Id="7644847f-7666-41ad-bffc-3a0868fa1ece" />
  </Folder>
  <Folder Name="/Task3/">
    <Project Path="Tyuiu.MishaginaKS.Sprint0.Task3.V0.Lib/Tyuiu.MishaginaKS.Sprint0.Task3.V0.Lib.csproj" Id="51bfe7c2-90da-4d89-913b-ec7273912d79" />
    <Project Path="Tyuiu.MishaginaKS.Sprint0.Task3.V0.Test/Tyuiu.MishaginaKS.Sprint0.Task3.V0.Test.csproj" Id="c74a0925-152d-430e-9949-e329daa3d23a" />
    <Project Path="Tyuiu.MishaginaKS.Sprint0.Task3.V0/Tyuiu.MishaginaKS.Sprint0.Task3.V0.csproj" Id="c871c4c8-015c-451e-8b0d-b15c43ab84f6" />
  </Folder>
</Solution>
