<Solution>
  <Folder Name="/Task0/">
    <Project Path="Tyuiu.MishaginaKS.Sprint0.Task0.V0/Tyuiu.MishaginaKS.Sprint0.Task0.V0.csproj" Id="a205d8b7-0f99-4f4f-b303-4cec91fb7ee5" />
  </Folder>
  <Folder Name="/Task1/">
    <Project Path="Tyuiu.MishaginaKS.Sprint0.Task1.V0/Tyuiu.MishaginaKS.Sprint0.Task1.V0.csproj" Id="905b612b-8104-4a73-84df-98822b9ee533" />
  </Folder>
  <Folder Name="/Task2/">
    <Project Path="Tyuiu.MishaginaKS.Sprint0.Task2.V0.Lib/Tyuiu.MishaginaKS.Sprint0.Task2.V0.Lib.csproj" Id="1773e02c-421f-4fa0-9b26-31fb35c7739d" />
    <Project Path="Tyuiu.MishaginaKS.Sprint0.Task2.V0.Test/Tyuiu.MishaginaKS.Sprint0.Task2.V0.Test.csproj" Id="7afecf02-efd5-4aa3-9048-a6b292b0499a" />
    <Project Path="Tyuiu.MishaginaKS.Sprint0.Task2.V0/Tyuiu.MishaginaKS.Sprint0.Task2.V0.csproj" Id="7644847f-7666-41ad-bffc-3a0868fa1ece" />
  </Folder>
  <Folder Name="/Task3/">
    <Project Path="Tyuiu.MishaginaKS.Sprint0.Task3.V0.Lib/Tyuiu.MishaginaKS.Sprint0.Task3.V0.Lib.csproj" Id="51bfe7c2-90da-4d89-913b-ec7273912d79" />
    <Project Path="Tyuiu.MishaginaKS.Sprint0.Task3.V0.Test/Tyuiu.MishaginaKS.Sprint0.Task3.V0.Test.csproj" Id="c74a0925-152d-430e-9949-e329daa3d23a" />
    <Project Path="Tyuiu.MishaginaKS.Sprint0.Task3.V0/Tyuiu.MishaginaKS.Sprint0.Task3.V0.csproj" Id="c871c4c8-015c-451e-8b0d-b15c43ab84f6" />
  </Folder>
  <Folder Name="/Task4/">
    <Project Path="Tyuiu.MishaginaKS.Sprint0.Task4.V0.Lib/Tyuiu.MishaginaKS.Sprint0.Task4.V0.Lib.csproj" Id="1a5a4485-e92b-4ad2-90b2-1337b61660da" />
    <Project Path="Tyuiu.MishaginaKS.Sprint0.Task4.V0.Test/Tyuiu.MishaginaKS.Sprint0.Task4.V0.Test.csproj" Id="2a476bac-b9b0-4755-9347-ec6edeee2af9" />
    <Project Path="Tyuiu.MishaginaKS.Sprint0.Task4.V0/Tyuiu.MishaginaKS.Sprint0.Task4.V0.csproj" Id="0f7a62d5-24a6-4751-8164-423ac567be84" />
  </Folder>
  <Folder Name="/Task5/">
    <Project Path="Tyuiu.MishaginaKS.Sprint0.Task5.V0.ib/Tyuiu.MishaginaKS.Sprint0.Task5.V0.Lib.csproj" Id="57a26306-a0d9-4879-8ee8-bbaf609ccf1a" />
    <Project Path="Tyuiu.MishaginaKS.Sprint0.Task5.V0.Test/Tyuiu.MishaginaKS.Sprint0.Task5.V0.Test.csproj" Id="b1579ac7-a24b-4510-8e34-d3430a175e37" />
    <Project Path="Tyuiu.MishaginaKS.Sprint0.Task5.V0/Tyuiu.MishaginaKS.Sprint0.Task5.V0.csproj" Id="e9ba8c8d-f2e3-4add-98a5-0f9cc6d6dd10" />
  </Folder>
  <Folder Name="/Task6/">
    <Project Path="Tyuiu.MishaginaKS.Sprint0.Task6.V0.Lib/Tyuiu.MishaginaKS.Sprint0.Task6.V0.Lib.csproj" Id="4f0b5d40-2f9a-4a78-943a-4190205d822b" />
    <Project Path="Tyuiu.MishaginaKS.Sprint0.Task6.V0.Test/Tyuiu.MishaginaKS.Sprint0.Task6.V0.Test.csproj" Id="576edfb2-e923-403c-94e1-b0dece14dfbd" />
    <Project Path="Tyuiu.MishaginaKS.Sprint0.Task6.V0/Tyuiu.MishaginaKS.Sprint0.Task6.V0.csproj" Id="338cbf56-944c-48fe-a116-5d619fd02d43" />
  </Folder>
</Solution>
